
Microsoft Visual Studio Solution File, Format Version 12.00
# Visual Studio 15
VisualStudioVersion = 15.0.28307.438
MinimumVisualStudioVersion = 10.0.40219.1
Project("{FAE04EC0-301F-11D3-BF4B-00C04F79EFBC}") = "IncidentSheet", "IncidentSheet\IncidentSheet.csproj", "{8B17B0C0-BBF8-4C42-B166-5B1A881952EE}"
EndProject
Global
	GlobalSection(SolutionConfigurationPlatforms) = preSolution
		Debug|Any CPU = Debug|Any CPU
		Release|Any CPU = Release|Any CPU
	EndGlobalSection
	GlobalSection(ProjectConfigurationPlatforms) = postSolution
		{8B17B0C0-BBF8-4C42-B166-5B1A881952EE}.Debug|Any CPU.ActiveCfg = Debug|Any CPU
		{8B17B0C0-BBF8-4C42-B166-5B1A881952EE}.Debug|Any CPU.Build.0 = Debug|Any CPU
		{8B17B0C0-BBF8-4C42-B166-5B1A881952EE}.Release|Any CPU.ActiveCfg = Release|Any CPU
		{8B17B0C0-BBF8-4C42-B166-5B1A881952EE}.Release|Any CPU.Build.0 = Release|Any CPU
	EndGlobalSection
	GlobalSection(SolutionProperties) = preSolution
		HideSolutionNode = FALSE
	EndGlobalSection
	GlobalSection(ExtensibilityGlobals) = postSolution
		SolutionGuid = {39475F05-DF8E-4183-9381-099ABE7ED016}
	EndGlobalSection
EndGlobal
